
Microsoft Visual Studio Solution File, Format Version 12.00
# Visual Studio Version 17
VisualStudioVersion = 17.3.32825.248
MinimumVisualStudioVersion = 10.0.40219.1
Project("{FAE04EC0-301F-11D3-BF4B-00C04F79EFBC}") = "RazorPagesMovie", "RazorPagesMovie\RazorPagesMovie.csproj", "{533585D5-07CC-4F01-AF6B-5846C05B7CD0}"
EndProject
Global
	GlobalSection(SolutionConfigurationPlatforms) = preSolution
		Debug|Any CPU = Debug|Any CPU
		Release|Any CPU = Release|Any CPU
	EndGlobalSection
	GlobalSection(ProjectConfigurationPlatforms) = postSolution
		{533585D5-07CC-4F01-AF6B-5846C05B7CD0}.Debug|Any CPU.ActiveCfg = Debug|Any CPU
		{533585D5-07CC-4F01-AF6B-5846C05B7CD0}.Debug|Any CPU.Build.0 = Debug|Any CPU
		{533585D5-07CC-4F01-AF6B-5846C05B7CD0}.Release|Any CPU.ActiveCfg = Release|Any CPU
		{533585D5-07CC-4F01-AF6B-5846C05B7CD0}.Release|Any CPU.Build.0 = Release|Any CPU
	EndGlobalSection
	GlobalSection(SolutionProperties) = preSolution
		HideSolutionNode = FALSE
	EndGlobalSection
	GlobalSection(ExtensibilityGlobals) = postSolution
		SolutionGuid = {02272EE7-92C4-4CBF-B45A-D4CB66512236}
	EndGlobalSection
EndGlobal
